
Microsoft Visual Studio Solution File, Format Version 12.00
# Visual Studio Version 17
VisualStudioVersion = 17.2.32630.192
MinimumVisualStudioVersion = 10.0.40219.1
Project("{8BC9CEB8-8B4A-11D0-8D11-00A0C91BC942}") = "modcomp_utility_library", "modcomp_utility_library\modcomp_utility_library.vcxproj", "{DA8AE017-8D5F-4A49-9C69-E5AA53AA283E}"
EndProject
Project("{8BC9CEB8-8B4A-11D0-8D11-00A0C91BC942}") = "Test_Library", "test_library\Test_Library\Test_Library.vcxproj", "{061ACCB5-0E4B-460D-A910-4548A4851449}"
EndProject
Project("{8BC9CEB8-8B4A-11D0-8D11-00A0C91BC942}") = "DiskImg_ExtractPartition", "DiskImg_ExtractPartition\DiskImg_ExtractPartition.vcxproj", "{E6B7BD8F-99C0-496D-97A5-05672F8D390D}"
EndProject
Project("{8BC9CEB8-8B4A-11D0-8D11-00A0C91BC942}") = "USLPart_DirectoryDump", "USLPart_DirectoryDump\USLPart_DirectoryDump.vcxproj", "{E6CC5215-63FF-45D4-AC10-7313C020400F}"
EndProject
Project("{8BC9CEB8-8B4A-11D0-8D11-00A0C91BC942}") = "DiskFile_Dump", "DiskFile_Dump\DiskFile_Dump.vcxproj", "{AB31CDC3-687F-4920-9B2E-395237950D72}"
EndProject
Project("{8BC9CEB8-8B4A-11D0-8D11-00A0C91BC942}") = "DiskImg_FileManagerDump", "DiskImg_FileManagerDump\DiskImg_FileManagerDump.vcxproj", "{5AF5BDCA-3B08-472E-87AB-51AB99BCA469}"
EndProject
Project("{8BC9CEB8-8B4A-11D0-8D11-00A0C91BC942}") = "USLPart_ExtractFiles", "USLPart_ExtractFiles\USLPart_ExtractFiles.vcxproj", "{C195A37B-0EF5-4B13-BDD8-1B6B8A3FF3A1}"
EndProject
Project("{8BC9CEB8-8B4A-11D0-8D11-00A0C91BC942}") = "TapeImg_Dump", "TapeImg_Dump\TapeImg_Dump.vcxproj", "{F46B553B-579F-45CF-9BD2-DE0B03BA8461}"
EndProject
Project("{8BC9CEB8-8B4A-11D0-8D11-00A0C91BC942}") = "CL7870_Sim", "CL7870_Sim\CL7870_Sim.vcxproj", "{A21D31B2-614A-49C9-A2ED-D9D68FEC66B9}"
EndProject
Project("{8BC9CEB8-8B4A-11D0-8D11-00A0C91BC942}") = "Com_port_test", "Com_port_test\Com_port_test.vcxproj", "{662FE664-B1A3-4C47-B4AA-7EEFC1E6B914}"
EndProject
Project("{8BC9CEB8-8B4A-11D0-8D11-00A0C91BC942}") = "Math_Test", "Math_Test\Math_Test.vcxproj", "{F6F8BB94-BDF5-4812-9858-49F2CE5769DB}"
EndProject
Project("{8BC9CEB8-8B4A-11D0-8D11-00A0C91BC942}") = "DiskFile_ExtractCharString", "DiskFile_ExtractCharString\DiskFile_ExtractCharString.vcxproj", "{DC8C8071-31F5-4FF0-A00C-4EEB52CF0C48}"
EndProject
Project("{8BC9CEB8-8B4A-11D0-8D11-00A0C91BC942}") = "Test_c_bit_fields", "Test_c_bit_fields\Test_c_bit_fields.vcxproj", "{BEDF0ED8-D362-4642-9877-CE9C64F0EE30}"
EndProject
Project("{8BC9CEB8-8B4A-11D0-8D11-00A0C91BC942}") = "mtty", "mtty\mtty.vcxproj", "{5401F531-F29D-473F-81A1-4AB9516388A1}"
EndProject
Project("{8BC9CEB8-8B4A-11D0-8D11-00A0C91BC942}") = "test_modcomp_float_conv", "test_modcomp_float_conv\test_modcomp_float_conv.vcxproj", "{863650DA-3B9C-4E20-9DAB-F532D1BFA91F}"
EndProject
Global
	GlobalSection(SolutionConfigurationPlatforms) = preSolution
		Debug|ARM = Debug|ARM
		Debug|ARM64 = Debug|ARM64
		Debug|x64 = Debug|x64
		Debug|x86 = Debug|x86
		Release|ARM = Release|ARM
		Release|ARM64 = Release|ARM64
		Release|x64 = Release|x64
		Release|x86 = Release|x86
	EndGlobalSection
	GlobalSection(ProjectConfigurationPlatforms) = postSolution
		{DA8AE017-8D5F-4A49-9C69-E5AA53AA283E}.Debug|ARM.ActiveCfg = Debug|x64
		{DA8AE017-8D5F-4A49-9C69-E5AA53AA283E}.Debug|ARM.Build.0 = Debug|x64
		{DA8AE017-8D5F-4A49-9C69-E5AA53AA283E}.Debug|ARM64.ActiveCfg = Debug|x64
		{DA8AE017-8D5F-4A49-9C69-E5AA53AA283E}.Debug|ARM64.Build.0 = Debug|x64
		{DA8AE017-8D5F-4A49-9C69-E5AA53AA283E}.Debug|x64.ActiveCfg = Debug|x64
		{DA8AE017-8D5F-4A49-9C69-E5AA53AA283E}.Debug|x64.Build.0 = Debug|x64
		{DA8AE017-8D5F-4A49-9C69-E5AA53AA283E}.Debug|x86.ActiveCfg = Debug|Win32
		{DA8AE017-8D5F-4A49-9C69-E5AA53AA283E}.Debug|x86.Build.0 = Debug|Win32
		{DA8AE017-8D5F-4A49-9C69-E5AA53AA283E}.Release|ARM.ActiveCfg = Release|x64
		{DA8AE017-8D5F-4A49-9C69-E5AA53AA283E}.Release|ARM.Build.0 = Release|x64
		{DA8AE017-8D5F-4A49-9C69-E5AA53AA283E}.Release|ARM64.ActiveCfg = Release|x64
		{DA8AE017-8D5F-4A49-9C69-E5AA53AA283E}.Release|ARM64.Build.0 = Release|x64
		{DA8AE017-8D5F-4A49-9C69-E5AA53AA283E}.Release|x64.ActiveCfg = Release|x64
		{DA8AE017-8D5F-4A49-9C69-E5AA53AA283E}.Release|x64.Build.0 = Release|x64
		{DA8AE017-8D5F-4A49-9C69-E5AA53AA283E}.Release|x86.ActiveCfg = Release|Win32
		{DA8AE017-8D5F-4A49-9C69-E5AA53AA283E}.Release|x86.Build.0 = Release|Win32
		{061ACCB5-0E4B-460D-A910-4548A4851449}.Debug|ARM.ActiveCfg = Debug|x64
		{061ACCB5-0E4B-460D-A910-4548A4851449}.Debug|ARM.Build.0 = Debug|x64
		{061ACCB5-0E4B-460D-A910-4548A4851449}.Debug|ARM64.ActiveCfg = Debug|x64
		{061ACCB5-0E4B-460D-A910-4548A4851449}.Debug|ARM64.Build.0 = Debug|x64
		{061ACCB5-0E4B-460D-A910-4548A4851449}.Debug|x64.ActiveCfg = Debug|x64
		{061ACCB5-0E4B-460D-A910-4548A4851449}.Debug|x64.Build.0 = Debug|x64
		{061ACCB5-0E4B-460D-A910-4548A4851449}.Debug|x86.ActiveCfg = Debug|Win32
		{061ACCB5-0E4B-460D-A910-4548A4851449}.Debug|x86.Build.0 = Debug|Win32
		{061ACCB5-0E4B-460D-A910-4548A4851449}.Release|ARM.ActiveCfg = Release|x64
		{061ACCB5-0E4B-460D-A910-4548A4851449}.Release|ARM.Build.0 = Release|x64
		{061ACCB5-0E4B-460D-A910-4548A4851449}.Release|ARM64.ActiveCfg = Release|x64
		{061ACCB5-0E4B-460D-A910-4548A4851449}.Release|ARM64.Build.0 = Release|x64
		{061ACCB5-0E4B-460D-A910-4548A4851449}.Release|x64.ActiveCfg = Release|x64
		{061ACCB5-0E4B-460D-A910-4548A4851449}.Release|x64.Build.0 = Release|x64
		{061ACCB5-0E4B-460D-A910-4548A4851449}.Release|x86.ActiveCfg = Release|Win32
		{061ACCB5-0E4B-460D-A910-4548A4851449}.Release|x86.Build.0 = Release|Win32
		{E6B7BD8F-99C0-496D-97A5-05672F8D390D}.Debug|ARM.ActiveCfg = Debug|x64
		{E6B7BD8F-99C0-496D-97A5-05672F8D390D}.Debug|ARM.Build.0 = Debug|x64
		{E6B7BD8F-99C0-496D-97A5-05672F8D390D}.Debug|ARM64.ActiveCfg = Debug|x64
		{E6B7BD8F-99C0-496D-97A5-05672F8D390D}.Debug|ARM64.Build.0 = Debug|x64
		{E6B7BD8F-99C0-496D-97A5-05672F8D390D}.Debug|x64.ActiveCfg = Debug|x64
		{E6B7BD8F-99C0-496D-97A5-05672F8D390D}.Debug|x64.Build.0 = Debug|x64
		{E6B7BD8F-99C0-496D-97A5-05672F8D390D}.Debug|x86.ActiveCfg = Debug|Win32
		{E6B7BD8F-99C0-496D-97A5-05672F8D390D}.Debug|x86.Build.0 = Debug|Win32
		{E6B7BD8F-99C0-496D-97A5-05672F8D390D}.Release|ARM.ActiveCfg = Release|x64
		{E6B7BD8F-99C0-496D-97A5-05672F8D390D}.Release|ARM.Build.0 = Release|x64
		{E6B7BD8F-99C0-496D-97A5-05672F8D390D}.Release|ARM64.ActiveCfg = Release|x64
		{E6B7BD8F-99C0-496D-97A5-05672F8D390D}.Release|ARM64.Build.0 = Release|x64
		{E6B7BD8F-99C0-496D-97A5-05672F8D390D}.Release|x64.ActiveCfg = Release|x64
		{E6B7BD8F-99C0-496D-97A5-05672F8D390D}.Release|x64.Build.0 = Release|x64
		{E6B7BD8F-99C0-496D-97A5-05672F8D390D}.Release|x86.ActiveCfg = Release|Win32
		{E6B7BD8F-99C0-496D-97A5-05672F8D390D}.Release|x86.Build.0 = Release|Win32
		{E6CC5215-63FF-45D4-AC10-7313C020400F}.Debug|ARM.ActiveCfg = Debug|x64
		{E6CC5215-63FF-45D4-AC10-7313C020400F}.Debug|ARM.Build.0 = Debug|x64
		{E6CC5215-63FF-45D4-AC10-7313C020400F}.Debug|ARM64.ActiveCfg = Debug|x64
		{E6CC5215-63FF-45D4-AC10-7313C020400F}.Debug|ARM64.Build.0 = Debug|x64
		{E6CC5215-63FF-45D4-AC10-7313C020400F}.Debug|x64.ActiveCfg = Debug|x64
		{E6CC5215-63FF-45D4-AC10-7313C020400F}.Debug|x64.Build.0 = Debug|x64
		{E6CC5215-63FF-45D4-AC10-7313C020400F}.Debug|x86.ActiveCfg = Debug|Win32
		{E6CC5215-63FF-45D4-AC10-7313C020400F}.Debug|x86.Build.0 = Debug|Win32
		{E6CC5215-63FF-45D4-AC10-7313C020400F}.Release|ARM.ActiveCfg = Release|x64
		{E6CC5215-63FF-45D4-AC10-7313C020400F}.Release|ARM.Build.0 = Release|x64
		{E6CC5215-63FF-45D4-AC10-7313C020400F}.Release|ARM64.ActiveCfg = Release|x64
		{E6CC5215-63FF-45D4-AC10-7313C020400F}.Release|ARM64.Build.0 = Release|x64
		{E6CC5215-63FF-45D4-AC10-7313C020400F}.Release|x64.ActiveCfg = Release|x64
		{E6CC5215-63FF-45D4-AC10-7313C020400F}.Release|x64.Build.0 = Release|x64
		{E6CC5215-63FF-45D4-AC10-7313C020400F}.Release|x86.ActiveCfg = Release|Win32
		{E6CC5215-63FF-45D4-AC10-7313C020400F}.Release|x86.Build.0 = Release|Win32
		{AB31CDC3-687F-4920-9B2E-395237950D72}.Debug|ARM.ActiveCfg = Debug|x64
		{AB31CDC3-687F-4920-9B2E-395237950D72}.Debug|ARM.Build.0 = Debug|x64
		{AB31CDC3-687F-4920-9B2E-395237950D72}.Debug|ARM64.ActiveCfg = Debug|x64
		{AB31CDC3-687F-4920-9B2E-395237950D72}.Debug|ARM64.Build.0 = Debug|x64
		{AB31CDC3-687F-4920-9B2E-395237950D72}.Debug|x64.ActiveCfg = Debug|x64
		{AB31CDC3-687F-4920-9B2E-395237950D72}.Debug|x64.Build.0 = Debug|x64
		{AB31CDC3-687F-4920-9B2E-395237950D72}.Debug|x86.ActiveCfg = Debug|Win32
		{AB31CDC3-687F-4920-9B2E-395237950D72}.Debug|x86.Build.0 = Debug|Win32
		{AB31CDC3-687F-4920-9B2E-395237950D72}.Release|ARM.ActiveCfg = Release|x64
		{AB31CDC3-687F-4920-9B2E-395237950D72}.Release|ARM.Build.0 = Release|x64
		{AB31CDC3-687F-4920-9B2E-395237950D72}.Release|ARM64.ActiveCfg = Release|x64
		{AB31CDC3-687F-4920-9B2E-395237950D72}.Release|ARM64.Build.0 = Release|x64
		{AB31CDC3-687F-4920-9B2E-395237950D72}.Release|x64.ActiveCfg = Release|x64
		{AB31CDC3-687F-4920-9B2E-395237950D72}.Release|x64.Build.0 = Release|x64
		{AB31CDC3-687F-4920-9B2E-395237950D72}.Release|x86.ActiveCfg = Release|Win32
		{AB31CDC3-687F-4920-9B2E-395237950D72}.Release|x86.Build.0 = Release|Win32
		{5AF5BDCA-3B08-472E-87AB-51AB99BCA469}.Debug|ARM.ActiveCfg = Debug|x64
		{5AF5BDCA-3B08-472E-87AB-51AB99BCA469}.Debug|ARM.Build.0 = Debug|x64
		{5AF5BDCA-3B08-472E-87AB-51AB99BCA469}.Debug|ARM64.ActiveCfg = Debug|x64
		{5AF5BDCA-3B08-472E-87AB-51AB99BCA469}.Debug|ARM64.Build.0 = Debug|x64
		{5AF5BDCA-3B08-472E-87AB-51AB99BCA469}.Debug|x64.ActiveCfg = Debug|x64
		{5AF5BDCA-3B08-472E-87AB-51AB99BCA469}.Debug|x64.Build.0 = Debug|x64
		{5AF5BDCA-3B08-472E-87AB-51AB99BCA469}.Debug|x86.ActiveCfg = Debug|Win32
		{5AF5BDCA-3B08-472E-87AB-51AB99BCA469}.Debug|x86.Build.0 = Debug|Win32
		{5AF5BDCA-3B08-472E-87AB-51AB99BCA469}.Release|ARM.ActiveCfg = Release|x64
		{5AF5BDCA-3B08-472E-87AB-51AB99BCA469}.Release|ARM.Build.0 = Release|x64
		{5AF5BDCA-3B08-472E-87AB-51AB99BCA469}.Release|ARM64.ActiveCfg = Release|x64
		{5AF5BDCA-3B08-472E-87AB-51AB99BCA469}.Release|ARM64.Build.0 = Release|x64
		{5AF5BDCA-3B08-472E-87AB-51AB99BCA469}.Release|x64.ActiveCfg = Release|x64
		{5AF5BDCA-3B08-472E-87AB-51AB99BCA469}.Release|x64.Build.0 = Release|x64
		{5AF5BDCA-3B08-472E-87AB-51AB99BCA469}.Release|x86.ActiveCfg = Release|Win32
		{5AF5BDCA-3B08-472E-87AB-51AB99BCA469}.Release|x86.Build.0 = Release|Win32
		{C195A37B-0EF5-4B13-BDD8-1B6B8A3FF3A1}.Debug|ARM.ActiveCfg = Debug|x64
		{C195A37B-0EF5-4B13-BDD8-1B6B8A3FF3A1}.Debug|ARM.Build.0 = Debug|x64
		{C195A37B-0EF5-4B13-BDD8-1B6B8A3FF3A1}.Debug|ARM64.ActiveCfg = Debug|x64
		{C195A37B-0EF5-4B13-BDD8-1B6B8A3FF3A1}.Debug|ARM64.Build.0 = Debug|x64
		{C195A37B-0EF5-4B13-BDD8-1B6B8A3FF3A1}.Debug|x64.ActiveCfg = Debug|x64
		{C195A37B-0EF5-4B13-BDD8-1B6B8A3FF3A1}.Debug|x64.Build.0 = Debug|x64
		{C195A37B-0EF5-4B13-BDD8-1B6B8A3FF3A1}.Debug|x86.ActiveCfg = Debug|Win32
		{C195A37B-0EF5-4B13-BDD8-1B6B8A3FF3A1}.Debug|x86.Build.0 = Debug|Win32
		{C195A37B-0EF5-4B13-BDD8-1B6B8A3FF3A1}.Release|ARM.ActiveCfg = Release|x64
		{C195A37B-0EF5-4B13-BDD8-1B6B8A3FF3A1}.Release|ARM.Build.0 = Release|x64
		{C195A37B-0EF5-4B13-BDD8-1B6B8A3FF3A1}.Release|ARM64.ActiveCfg = Release|x64
		{C195A37B-0EF5-4B13-BDD8-1B6B8A3FF3A1}.Release|ARM64.Build.0 = Release|x64
		{C195A37B-0EF5-4B13-BDD8-1B6B8A3FF3A1}.Release|x64.ActiveCfg = Release|x64
		{C195A37B-0EF5-4B13-BDD8-1B6B8A3FF3A1}.Release|x64.Build.0 = Release|x64
		{C195A37B-0EF5-4B13-BDD8-1B6B8A3FF3A1}.Release|x86.ActiveCfg = Release|Win32
		{C195A37B-0EF5-4B13-BDD8-1B6B8A3FF3A1}.Release|x86.Build.0 = Release|Win32
		{F46B553B-579F-45CF-9BD2-DE0B03BA8461}.Debug|ARM.ActiveCfg = Debug|x64
		{F46B553B-579F-45CF-9BD2-DE0B03BA8461}.Debug|ARM.Build.0 = Debug|x64
		{F46B553B-579F-45CF-9BD2-DE0B03BA8461}.Debug|ARM64.ActiveCfg = Debug|x64
		{F46B553B-579F-45CF-9BD2-DE0B03BA8461}.Debug|ARM64.Build.0 = Debug|x64
		{F46B553B-579F-45CF-9BD2-DE0B03BA8461}.Debug|x64.ActiveCfg = Debug|x64
		{F46B553B-579F-45CF-9BD2-DE0B03BA8461}.Debug|x64.Build.0 = Debug|x64
		{F46B553B-579F-45CF-9BD2-DE0B03BA8461}.Debug|x86.ActiveCfg = Debug|Win32
		{F46B553B-579F-45CF-9BD2-DE0B03BA8461}.Debug|x86.Build.0 = Debug|Win32
		{F46B553B-579F-45CF-9BD2-DE0B03BA8461}.Release|ARM.ActiveCfg = Release|x64
		{F46B553B-579F-45CF-9BD2-DE0B03BA8461}.Release|ARM.Build.0 = Release|x64
		{F46B553B-579F-45CF-9BD2-DE0B03BA8461}.Release|ARM64.ActiveCfg = Release|x64
		{F46B553B-579F-45CF-9BD2-DE0B03BA8461}.Release|ARM64.Build.0 = Release|x64
		{F46B553B-579F-45CF-9BD2-DE0B03BA8461}.Release|x64.ActiveCfg = Release|x64
		{F46B553B-579F-45CF-9BD2-DE0B03BA8461}.Release|x64.Build.0 = Release|x64
		{F46B553B-579F-45CF-9BD2-DE0B03BA8461}.Release|x86.ActiveCfg = Release|Win32
		{F46B553B-579F-45CF-9BD2-DE0B03BA8461}.Release|x86.Build.0 = Release|Win32
		{A21D31B2-614A-49C9-A2ED-D9D68FEC66B9}.Debug|ARM.ActiveCfg = Debug|x64
		{A21D31B2-614A-49C9-A2ED-D9D68FEC66B9}.Debug|ARM.Build.0 = Debug|x64
		{A21D31B2-614A-49C9-A2ED-D9D68FEC66B9}.Debug|ARM64.ActiveCfg = Debug|x64
		{A21D31B2-614A-49C9-A2ED-D9D68FEC66B9}.Debug|ARM64.Build.0 = Debug|x64
		{A21D31B2-614A-49C9-A2ED-D9D68FEC66B9}.Debug|x64.ActiveCfg = Debug|x64
		{A21D31B2-614A-49C9-A2ED-D9D68FEC66B9}.Debug|x64.Build.0 = Debug|x64
		{A21D31B2-614A-49C9-A2ED-D9D68FEC66B9}.Debug|x86.ActiveCfg = Debug|Win32
		{A21D31B2-614A-49C9-A2ED-D9D68FEC66B9}.Debug|x86.Build.0 = Debug|Win32
		{A21D31B2-614A-49C9-A2ED-D9D68FEC66B9}.Release|ARM.ActiveCfg = Release|x64
		{A21D31B2-614A-49C9-A2ED-D9D68FEC66B9}.Release|ARM.Build.0 = Release|x64
		{A21D31B2-614A-49C9-A2ED-D9D68FEC66B9}.Release|ARM64.ActiveCfg = Release|x64
		{A21D31B2-614A-49C9-A2ED-D9D68FEC66B9}.Release|ARM64.Build.0 = Release|x64
		{A21D31B2-614A-49C9-A2ED-D9D68FEC66B9}.Release|x64.ActiveCfg = Release|x64
		{A21D31B2-614A-49C9-A2ED-D9D68FEC66B9}.Release|x64.Build.0 = Release|x64
		{A21D31B2-614A-49C9-A2ED-D9D68FEC66B9}.Release|x86.ActiveCfg = Release|Win32
		{A21D31B2-614A-49C9-A2ED-D9D68FEC66B9}.Release|x86.Build.0 = Release|Win32
		{662FE664-B1A3-4C47-B4AA-7EEFC1E6B914}.Debug|ARM.ActiveCfg = Debug|x64
		{662FE664-B1A3-4C47-B4AA-7EEFC1E6B914}.Debug|ARM.Build.0 = Debug|x64
		{662FE664-B1A3-4C47-B4AA-7EEFC1E6B914}.Debug|ARM64.ActiveCfg = Debug|x64
		{662FE664-B1A3-4C47-B4AA-7EEFC1E6B914}.Debug|ARM64.Build.0 = Debug|x64
		{662FE664-B1A3-4C47-B4AA-7EEFC1E6B914}.Debug|x64.ActiveCfg = Debug|x64
		{662FE664-B1A3-4C47-B4AA-7EEFC1E6B914}.Debug|x64.Build.0 = Debug|x64
		{662FE664-B1A3-4C47-B4AA-7EEFC1E6B914}.Debug|x86.ActiveCfg = Debug|Win32
		{662FE664-B1A3-4C47-B4AA-7EEFC1E6B914}.Debug|x86.Build.0 = Debug|Win32
		{662FE664-B1A3-4C47-B4AA-7EEFC1E6B914}.Release|ARM.ActiveCfg = Release|x64
		{662FE664-B1A3-4C47-B4AA-7EEFC1E6B914}.Release|ARM.Build.0 = Release|x64
		{662FE664-B1A3-4C47-B4AA-7EEFC1E6B914}.Release|ARM64.ActiveCfg = Release|x64
		{662FE664-B1A3-4C47-B4AA-7EEFC1E6B914}.Release|ARM64.Build.0 = Release|x64
		{662FE664-B1A3-4C47-B4AA-7EEFC1E6B914}.Release|x64.ActiveCfg = Release|x64
		{662FE664-B1A3-4C47-B4AA-7EEFC1E6B914}.Release|x64.Build.0 = Release|x64
		{662FE664-B1A3-4C47-B4AA-7EEFC1E6B914}.Release|x86.ActiveCfg = Release|Win32
		{662FE664-B1A3-4C47-B4AA-7EEFC1E6B914}.Release|x86.Build.0 = Release|Win32
		{F6F8BB94-BDF5-4812-9858-49F2CE5769DB}.Debug|ARM.ActiveCfg = Debug|x64
		{F6F8BB94-BDF5-4812-9858-49F2CE5769DB}.Debug|ARM.Build.0 = Debug|x64
		{F6F8BB94-BDF5-4812-9858-49F2CE5769DB}.Debug|ARM64.ActiveCfg = Debug|x64
		{F6F8BB94-BDF5-4812-9858-49F2CE5769DB}.Debug|ARM64.Build.0 = Debug|x64
		{F6F8BB94-BDF5-4812-9858-49F2CE5769DB}.Debug|x64.ActiveCfg = Debug|x64
		{F6F8BB94-BDF5-4812-9858-49F2CE5769DB}.Debug|x64.Build.0 = Debug|x64
		{F6F8BB94-BDF5-4812-9858-49F2CE5769DB}.Debug|x86.ActiveCfg = Debug|Win32
		{F6F8BB94-BDF5-4812-9858-49F2CE5769DB}.Debug|x86.Build.0 = Debug|Win32
		{F6F8BB94-BDF5-4812-9858-49F2CE5769DB}.Release|ARM.ActiveCfg = Release|x64
		{F6F8BB94-BDF5-4812-9858-49F2CE5769DB}.Release|ARM.Build.0 = Release|x64
		{F6F8BB94-BDF5-4812-9858-49F2CE5769DB}.Release|ARM64.ActiveCfg = Release|x64
		{F6F8BB94-BDF5-4812-9858-49F2CE5769DB}.Release|ARM64.Build.0 = Release|x64
		{F6F8BB94-BDF5-4812-9858-49F2CE5769DB}.Release|x64.ActiveCfg = Release|x64
		{F6F8BB94-BDF5-4812-9858-49F2CE5769DB}.Release|x64.Build.0 = Release|x64
		{F6F8BB94-BDF5-4812-9858-49F2CE5769DB}.Release|x86.ActiveCfg = Release|Win32
		{F6F8BB94-BDF5-4812-9858-49F2CE5769DB}.Release|x86.Build.0 = Release|Win32
		{DC8C8071-31F5-4FF0-A00C-4EEB52CF0C48}.Debug|ARM.ActiveCfg = Debug|x64
		{DC8C8071-31F5-4FF0-A00C-4EEB52CF0C48}.Debug|ARM.Build.0 = Debug|x64
		{DC8C8071-31F5-4FF0-A00C-4EEB52CF0C48}.Debug|ARM64.ActiveCfg = Debug|x64
		{DC8C8071-31F5-4FF0-A00C-4EEB52CF0C48}.Debug|ARM64.Build.0 = Debug|x64
		{DC8C8071-31F5-4FF0-A00C-4EEB52CF0C48}.Debug|x64.ActiveCfg = Debug|x64
		{DC8C8071-31F5-4FF0-A00C-4EEB52CF0C48}.Debug|x64.Build.0 = Debug|x64
		{DC8C8071-31F5-4FF0-A00C-4EEB52CF0C48}.Debug|x86.ActiveCfg = Debug|Win32
		{DC8C8071-31F5-4FF0-A00C-4EEB52CF0C48}.Debug|x86.Build.0 = Debug|Win32
		{DC8C8071-31F5-4FF0-A00C-4EEB52CF0C48}.Release|ARM.ActiveCfg = Release|x64
		{DC8C8071-31F5-4FF0-A00C-4EEB52CF0C48}.Release|ARM.Build.0 = Release|x64
		{DC8C8071-31F5-4FF0-A00C-4EEB52CF0C48}.Release|ARM64.ActiveCfg = Release|x64
		{DC8C8071-31F5-4FF0-A00C-4EEB52CF0C48}.Release|ARM64.Build.0 = Release|x64
		{DC8C8071-31F5-4FF0-A00C-4EEB52CF0C48}.Release|x64.ActiveCfg = Release|x64
		{DC8C8071-31F5-4FF0-A00C-4EEB52CF0C48}.Release|x64.Build.0 = Release|x64
		{DC8C8071-31F5-4FF0-A00C-4EEB52CF0C48}.Release|x86.ActiveCfg = Release|Win32
		{DC8C8071-31F5-4FF0-A00C-4EEB52CF0C48}.Release|x86.Build.0 = Release|Win32
		{BEDF0ED8-D362-4642-9877-CE9C64F0EE30}.Debug|ARM.ActiveCfg = Debug|x64
		{BEDF0ED8-D362-4642-9877-CE9C64F0EE30}.Debug|ARM.Build.0 = Debug|x64
		{BEDF0ED8-D362-4642-9877-CE9C64F0EE30}.Debug|ARM64.ActiveCfg = Debug|x64
		{BEDF0ED8-D362-4642-9877-CE9C64F0EE30}.Debug|ARM64.Build.0 = Debug|x64
		{BEDF0ED8-D362-4642-9877-CE9C64F0EE30}.Debug|x64.ActiveCfg = Debug|x64
		{BEDF0ED8-D362-4642-9877-CE9C64F0EE30}.Debug|x64.Build.0 = Debug|x64
		{BEDF0ED8-D362-4642-9877-CE9C64F0EE30}.Debug|x86.ActiveCfg = Debug|Win32
		{BEDF0ED8-D362-4642-9877-CE9C64F0EE30}.Debug|x86.Build.0 = Debug|Win32
		{BEDF0ED8-D362-4642-9877-CE9C64F0EE30}.Release|ARM.ActiveCfg = Release|x64
		{BEDF0ED8-D362-4642-9877-CE9C64F0EE30}.Release|ARM.Build.0 = Release|x64
		{BEDF0ED8-D362-4642-9877-CE9C64F0EE30}.Release|ARM64.ActiveCfg = Release|x64
		{BEDF0ED8-D362-4642-9877-CE9C64F0EE30}.Release|ARM64.Build.0 = Release|x64
		{BEDF0ED8-D362-4642-9877-CE9C64F0EE30}.Release|x64.ActiveCfg = Release|x64
		{BEDF0ED8-D362-4642-9877-CE9C64F0EE30}.Release|x64.Build.0 = Release|x64
		{BEDF0ED8-D362-4642-9877-CE9C64F0EE30}.Release|x86.ActiveCfg = Release|Win32
		{BEDF0ED8-D362-4642-9877-CE9C64F0EE30}.Release|x86.Build.0 = Release|Win32
		{5401F531-F29D-473F-81A1-4AB9516388A1}.Debug|ARM.ActiveCfg = Debug|x64
		{5401F531-F29D-473F-81A1-4AB9516388A1}.Debug|ARM.Build.0 = Debug|x64
		{5401F531-F29D-473F-81A1-4AB9516388A1}.Debug|ARM64.ActiveCfg = Debug|x64
		{5401F531-F29D-473F-81A1-4AB9516388A1}.Debug|ARM64.Build.0 = Debug|x64
		{5401F531-F29D-473F-81A1-4AB9516388A1}.Debug|x64.ActiveCfg = Debug|x64
		{5401F531-F29D-473F-81A1-4AB9516388A1}.Debug|x64.Build.0 = Debug|x64
		{5401F531-F29D-473F-81A1-4AB9516388A1}.Debug|x86.ActiveCfg = Debug|Win32
		{5401F531-F29D-473F-81A1-4AB9516388A1}.Debug|x86.Build.0 = Debug|Win32
		{5401F531-F29D-473F-81A1-4AB9516388A1}.Release|ARM.ActiveCfg = Release|x64
		{5401F531-F29D-473F-81A1-4AB9516388A1}.Release|ARM.Build.0 = Release|x64
		{5401F531-F29D-473F-81A1-4AB9516388A1}.Release|ARM64.ActiveCfg = Release|x64
		{5401F531-F29D-473F-81A1-4AB9516388A1}.Release|ARM64.Build.0 = Release|x64
		{5401F531-F29D-473F-81A1-4AB9516388A1}.Release|x64.ActiveCfg = Release|x64
		{5401F531-F29D-473F-81A1-4AB9516388A1}.Release|x64.Build.0 = Release|x64
		{5401F531-F29D-473F-81A1-4AB9516388A1}.Release|x86.ActiveCfg = Release|Win32
		{5401F531-F29D-473F-81A1-4AB9516388A1}.Release|x86.Build.0 = Release|Win32
		{863650DA-3B9C-4E20-9DAB-F532D1BFA91F}.Debug|ARM.ActiveCfg = Debug|x64
		{863650DA-3B9C-4E20-9DAB-F532D1BFA91F}.Debug|ARM.Build.0 = Debug|x64
		{863650DA-3B9C-4E20-9DAB-F532D1BFA91F}.Debug|ARM64.ActiveCfg = Debug|x64
		{863650DA-3B9C-4E20-9DAB-F532D1BFA91F}.Debug|ARM64.Build.0 = Debug|x64
		{863650DA-3B9C-4E20-9DAB-F532D1BFA91F}.Debug|x64.ActiveCfg = Debug|x64
		{863650DA-3B9C-4E20-9DAB-F532D1BFA91F}.Debug|x64.Build.0 = Debug|x64
		{863650DA-3B9C-4E20-9DAB-F532D1BFA91F}.Debug|x86.ActiveCfg = Debug|Win32
		{863650DA-3B9C-4E20-9DAB-F532D1BFA91F}.Debug|x86.Build.0 = Debug|Win32
		{863650DA-3B9C-4E20-9DAB-F532D1BFA91F}.Release|ARM.ActiveCfg = Release|x64
		{863650DA-3B9C-4E20-9DAB-F532D1BFA91F}.Release|ARM.Build.0 = Release|x64
		{863650DA-3B9C-4E20-9DAB-F532D1BFA91F}.Release|ARM64.ActiveCfg = Release|x64
		{863650DA-3B9C-4E20-9DAB-F532D1BFA91F}.Release|ARM64.Build.0 = Release|x64
		{863650DA-3B9C-4E20-9DAB-F532D1BFA91F}.Release|x64.ActiveCfg = Release|x64
		{863650DA-3B9C-4E20-9DAB-F532D1BFA91F}.Release|x64.Build.0 = Release|x64
		{863650DA-3B9C-4E20-9DAB-F532D1BFA91F}.Release|x86.ActiveCfg = Release|Win32
		{863650DA-3B9C-4E20-9DAB-F532D1BFA91F}.Release|x86.Build.0 = Release|Win32
	EndGlobalSection
	GlobalSection(SolutionProperties) = preSolution
		HideSolutionNode = FALSE
	EndGlobalSection
	GlobalSection(ExtensibilityGlobals) = postSolution
		SolutionGuid = {E73A3B05-72CA-4C0B-83B4-04E7770A9F5F}
	EndGlobalSection
EndGlobal
