<?xml version="1.0" encoding="utf-8"?>
<Project ToolsVersion="4.0" xmlns="http://schemas.microsoft.com/developer/msbuild/2003">
  <ItemGroup>
    <Filter Include="Source Files">
      <UniqueIdentifier>{4FC737F1-C7A5-4376-A066-2A32D752A2FF}</UniqueIdentifier>
      <Extensions>cpp;c;cc;cxx;c++;cppm;ixx;def;odl;idl;hpj;bat;asm;asmx</Extensions>
    </Filter>
    <Filter Include="Header Files">
      <UniqueIdentifier>{93995380-89BD-4b04-88EB-625FBE52EBFB}</UniqueIdentifier>
      <Extensions>h;hh;hpp;hxx;h++;hm;inl;inc;ipp;xsd</Extensions>
    </Filter>
    <Filter Include="Resource Files">
      <UniqueIdentifier>{67DA6AB6-F800-4c08-8B7A-83BB121AAD01}</UniqueIdentifier>
      <Extensions>rc;ico;cur;bmp;dlg;rc2;rct;bin;rgs;gif;jpg;jpeg;jpe;resx;tiff;tif;png;wav;mfcribbon-ms</Extensions>
    </Filter>
  </ItemGroup>
  <ItemGroup>
    <ClCompile Include="CL7870_Sim.c">
      <Filter>Source Files</Filter>
    </ClCompile>
    <ClCompile Include="cpu_classic_7860.c">
      <Filter>Source Files</Filter>
    </ClCompile>
    <ClCompile Include="user_cmd_print_prompt.c">
      <Filter>Source Files</Filter>
    </ClCompile>
    <ClCompile Include="user_command_process.c">
      <Filter>Source Files</Filter>
    </ClCompile>
    <ClCompile Include="user_cmd_parse.c">
      <Filter>Source Files</Filter>
    </ClCompile>
    <ClCompile Include="cpu_start_thread.c">
      <Filter>Source Files</Filter>
    </ClCompile>
    <ClCompile Include="iop_init_data.c">
      <Filter>Source Files</Filter>
    </ClCompile>
    <ClCompile Include="device_null.c">
      <Filter>Source Files</Filter>
    </ClCompile>
    <ClCompile Include="device_console.c">
      <Filter>Source Files</Filter>
    </ClCompile>
    <ClCompile Include="device_common_remove.c">
      <Filter>Source Files</Filter>
    </ClCompile>
    <ClCompile Include="device_common_stop_all.c">
      <Filter>Source Files</Filter>
    </ClCompile>
    <ClCompile Include="user_cmd_print_help.c">
      <Filter>Source Files</Filter>
    </ClCompile>
    <ClCompile Include="device_common_serial_set_params.c">
      <Filter>Source Files</Filter>
    </ClCompile>
    <ClCompile Include="device_common_serial_open.c">
      <Filter>Source Files</Filter>
    </ClCompile>
    <ClCompile Include="device_common_serial_close.c">
      <Filter>Source Files</Filter>
    </ClCompile>
    <ClCompile Include="device_common_serial_print_settings.c">
      <Filter>Source Files</Filter>
    </ClCompile>
    <ClCompile Include="device_common_thread_init.c">
      <Filter>Source Files</Filter>
    </ClCompile>
    <ClCompile Include="device_common_device_buffer_allocate.c">
      <Filter>Source Files</Filter>
    </ClCompile>
    <ClCompile Include="que_uword_send.c">
      <Filter>Source Files</Filter>
    </ClCompile>
    <ClCompile Include="que_uword_init.c">
      <Filter>Source Files</Filter>
    </ClCompile>
    <ClCompile Include="que_uword_recv.c">
      <Filter>Source Files</Filter>
    </ClCompile>
    <ClCompile Include="cpu_set_switches.c">
      <Filter>Source Files</Filter>
    </ClCompile>
    <ClCompile Include="disp_psw.c">
      <Filter>Source Files</Filter>
    </ClCompile>
    <ClCompile Include="disp_pc.c">
      <Filter>Source Files</Filter>
    </ClCompile>
    <ClCompile Include="disp_cur_reg.c">
      <Filter>Source Files</Filter>
    </ClCompile>
    <ClCompile Include="util_get_opcode_disp.c">
      <Filter>Source Files</Filter>
    </ClCompile>
    <ClCompile Include="disp_devices.c">
      <Filter>Source Files</Filter>
    </ClCompile>
    <ClCompile Include="device_common_start_thread.c">
      <Filter>Source Files</Filter>
    </ClCompile>
    <ClCompile Include="device_common_buffer_init.c">
      <Filter>Source Files</Filter>
    </ClCompile>
    <ClCompile Include="device_common_buffer_put.c">
      <Filter>Source Files</Filter>
    </ClCompile>
    <ClCompile Include="device_common_buffer_get.c">
      <Filter>Source Files</Filter>
    </ClCompile>
    <ClCompile Include="device_common_buffer_isempty.c">
      <Filter>Source Files</Filter>
    </ClCompile>
    <ClCompile Include="device_common_buffer_set_empty.c">
      <Filter>Source Files</Filter>
    </ClCompile>
    <ClCompile Include="device_common_buffer_isfull.c">
      <Filter>Source Files</Filter>
    </ClCompile>
    <ClCompile Include="disp_instruction_use.c">
      <Filter>Source Files</Filter>
    </ClCompile>
    <ClCompile Include="rmi_request.c">
      <Filter>Source Files</Filter>
    </ClCompile>
    <ClCompile Include="rtclock_start_thread.c">
      <Filter>Source Files</Filter>
    </ClCompile>
    <ClCompile Include="memory_plane_status.c">
      <Filter>Source Files</Filter>
    </ClCompile>
    <ClCompile Include="disp_interrupts.c">
      <Filter>Source Files</Filter>
    </ClCompile>
    <ClCompile Include="simj_base.h">
      <Filter>Header Files</Filter>
    </ClCompile>
    <ClCompile Include="user_cmd_config_execute.c">
      <Filter>Source Files</Filter>
    </ClCompile>
    <ClCompile Include="cpu_do_fill.c">
      <Filter>Source Files</Filter>
    </ClCompile>
    <ClCompile Include="cpu_do_run.c">
      <Filter>Source Files</Filter>
    </ClCompile>
    <ClCompile Include="cpu_do_step.c">
      <Filter>Source Files</Filter>
    </ClCompile>
    <ClCompile Include="util_is_same_stream.c">
      <Filter>Source Files</Filter>
    </ClCompile>
    <ClCompile Include="user_cmd_parse_u16.c">
      <Filter>Source Files</Filter>
    </ClCompile>
    <ClCompile Include="user_cmd_parse_device_type.c">
      <Filter>Source Files</Filter>
    </ClCompile>
    <ClCompile Include="user_cmd_attach_device.c">
      <Filter>Source Files</Filter>
    </ClCompile>
    <ClCompile Include="device_common_capture_console.c">
      <Filter>Source Files</Filter>
    </ClCompile>
    <ClCompile Include="util_cvt_float.c">
      <Filter>Source Files</Filter>
    </ClCompile>
  </ItemGroup>
  <ItemGroup>
    <ClInclude Include="NO_modcomp_sim_procedures.h">
      <Filter>Header Files</Filter>
    </ClInclude>
    <ClInclude Include="modcomp_sim_globals.h">
      <Filter>Header Files</Filter>
    </ClInclude>
    <ClInclude Include="NO_modcomp_sim_types.h">
      <Filter>Header Files</Filter>
    </ClInclude>
    <ClInclude Include="modcomp_opcodes.h">
      <Filter>Header Files</Filter>
    </ClInclude>
    <ClInclude Include="NO_modcomp_sim_external_globals.h">
      <Filter>Header Files</Filter>
    </ClInclude>
    <ClInclude Include="device_null_sal.h">
      <Filter>Header Files</Filter>
    </ClInclude>
    <ClInclude Include="device_null_salprep.h">
      <Filter>Header Files</Filter>
    </ClInclude>
    <ClInclude Include="device_null_initial_boot_block.h">
      <Filter>Header Files</Filter>
    </ClInclude>
    <ClInclude Include="generic_device_variables.h">
      <Filter>Header Files</Filter>
    </ClInclude>
    <ClInclude Include="modcomp_opcode_string.h">
      <Filter>Header Files</Filter>
    </ClInclude>
    <ClInclude Include="cpu_macro_register_access.h">
      <Filter>Header Files</Filter>
    </ClInclude>
    <ClInclude Include="cpu_register_memory_macros.h">
      <Filter>Header Files</Filter>
    </ClInclude>
    <ClInclude Include="cpu_cond_code_macros.h">
      <Filter>Header Files</Filter>
    </ClInclude>
    <ClInclude Include="NO_cpu_register_macros.h">
      <Filter>Header Files</Filter>
    </ClInclude>
    <ClInclude Include="deivce_null_salprep_OLD.h">
      <Filter>Header Files</Filter>
    </ClInclude>
    <ClInclude Include="device_null_sal_new.h">
      <Filter>Header Files</Filter>
    </ClInclude>
  </ItemGroup>
</Project>